
Microsoft Visual Studio Solution File, Format Version 12.00
# Visual Studio Version 17
VisualStudioVersion = 17.9.34728.123
MinimumVisualStudioVersion = 10.0.40219.1
Project("{FAE04EC0-301F-11D3-BF4B-00C04F79EFBC}") = "dz_MASK", "dz_MASK\dz_MASK.csproj", "{5FBA6877-A84D-421E-9B5D-F258F1F02A99}"
EndProject
Global
	GlobalSection(SolutionConfigurationPlatforms) = preSolution
		Debug|Any CPU = Debug|Any CPU
		Release|Any CPU = Release|Any CPU
	EndGlobalSection
	GlobalSection(ProjectConfigurationPlatforms) = postSolution
		{5FBA6877-A84D-421E-9B5D-F258F1F02A99}.Debug|Any CPU.ActiveCfg = Debug|Any CPU
		{5FBA6877-A84D-421E-9B5D-F258F1F02A99}.Debug|Any CPU.Build.0 = Debug|Any CPU
		{5FBA6877-A84D-421E-9B5D-F258F1F02A99}.Release|Any CPU.ActiveCfg = Release|Any CPU
		{5FBA6877-A84D-421E-9B5D-F258F1F02A99}.Release|Any CPU.Build.0 = Release|Any CPU
	EndGlobalSection
	GlobalSection(SolutionProperties) = preSolution
		HideSolutionNode = FALSE
	EndGlobalSection
	GlobalSection(ExtensibilityGlobals) = postSolution
		SolutionGuid = {CD229354-32BD-408A-A7D2-D495C0A199D4}
	EndGlobalSection
EndGlobal
